
Microsoft Visual Studio Solution File, Format Version 12.00
# Visual Studio Version 16
VisualStudioVersion = 16.0.31402.337
MinimumVisualStudioVersion = 10.0.40219.1
Project("{FAE04EC0-301F-11D3-BF4B-00C04F79EFBC}") = "UD4E3", "UD4E3\UD4E3.csproj", "{D886A082-5FCB-4783-9550-62EEE612DB2F}"
EndProject
Global
	GlobalSection(SolutionConfigurationPlatforms) = preSolution
		Debug|Any CPU = Debug|Any CPU
		Release|Any CPU = Release|Any CPU
	EndGlobalSection
	GlobalSection(ProjectConfigurationPlatforms) = postSolution
		{D886A082-5FCB-4783-9550-62EEE612DB2F}.Debug|Any CPU.ActiveCfg = Debug|Any CPU
		{D886A082-5FCB-4783-9550-62EEE612DB2F}.Debug|Any CPU.Build.0 = Debug|Any CPU
		{D886A082-5FCB-4783-9550-62EEE612DB2F}.Release|Any CPU.ActiveCfg = Release|Any CPU
		{D886A082-5FCB-4783-9550-62EEE612DB2F}.Release|Any CPU.Build.0 = Release|Any CPU
	EndGlobalSection
	GlobalSection(SolutionProperties) = preSolution
		HideSolutionNode = FALSE
	EndGlobalSection
	GlobalSection(ExtensibilityGlobals) = postSolution
		SolutionGuid = {10C1D1E7-D1C0-42F7-A541-8E57A0F69725}
	EndGlobalSection
EndGlobal
